
Microsoft Visual Studio Solution File, Format Version 12.00
# Visual Studio Version 17
VisualStudioVersion = 17.4.33205.214
MinimumVisualStudioVersion = 10.0.40219.1
Project("{9A19103F-16F7-4668-BE54-9A1E7A4F7556}") = "IndianCensusDataDemo", "IndianCensusDataDemo.csproj", "{B6B62C3F-9441-46DE-B0D1-3A5B52DD55AF}"
EndProject
Project("{FAE04EC0-301F-11D3-BF4B-00C04F79EFBC}") = "IndianCensusTestProject", "..\IndianCensusTestProject\IndianCensusTestProject.csproj", "{02736F2B-837B-41CF-A7EF-2285601F53A9}"
EndProject
Global
	GlobalSection(SolutionConfigurationPlatforms) = preSolution
		Debug|Any CPU = Debug|Any CPU
		Release|Any CPU = Release|Any CPU
	EndGlobalSection
	GlobalSection(ProjectConfigurationPlatforms) = postSolution
		{B6B62C3F-9441-46DE-B0D1-3A5B52DD55AF}.Debug|Any CPU.ActiveCfg = Debug|Any CPU
		{B6B62C3F-9441-46DE-B0D1-3A5B52DD55AF}.Debug|Any CPU.Build.0 = Debug|Any CPU
		{B6B62C3F-9441-46DE-B0D1-3A5B52DD55AF}.Release|Any CPU.ActiveCfg = Release|Any CPU
		{B6B62C3F-9441-46DE-B0D1-3A5B52DD55AF}.Release|Any CPU.Build.0 = Release|Any CPU
		{02736F2B-837B-41CF-A7EF-2285601F53A9}.Debug|Any CPU.ActiveCfg = Debug|Any CPU
		{02736F2B-837B-41CF-A7EF-2285601F53A9}.Debug|Any CPU.Build.0 = Debug|Any CPU
		{02736F2B-837B-41CF-A7EF-2285601F53A9}.Release|Any CPU.ActiveCfg = Release|Any CPU
		{02736F2B-837B-41CF-A7EF-2285601F53A9}.Release|Any CPU.Build.0 = Release|Any CPU
	EndGlobalSection
	GlobalSection(SolutionProperties) = preSolution
		HideSolutionNode = FALSE
	EndGlobalSection
	GlobalSection(ExtensibilityGlobals) = postSolution
		SolutionGuid = {1E44AEBD-980A-4EB6-B893-C8A04995B3FE}
	EndGlobalSection
EndGlobal
